# This file is autogenerated, do not edit; changes may be undone by the next 'dep ensure'.


[[projects]]
  branch = "master"
  digest = "1:f680304b19a1f055b5df0ef87918d7f0920ef117c194ea25a8189e13ccb6ad52"
  name = "github.com/yuin/gopher-lua"
  packages = [
    ".",
    "ast",
    "parse",
    "pm",
  ]
  pruneopts = "UT"
  revision = "1cd887cd7036fd4be7a0cb180dd508cb8e2e689a"

[[projects]]
  branch = "master"
  digest = "1:2f72e66c05f8b43dbe2120fa4c53e25f45f73b2fbf5b8c191a20453fb2fb61fb"
  name = "layeh.com/gopher-json"
  packages = ["."]
  pruneopts = "UT"
  revision = "97fed8db84274c421dbfffbb28ec859901556b97"

[solve-meta]
  analyzer-name = "dep"
  analyzer-version = 1
  input-imports = [
    "github.com/yuin/gopher-lua",
    "layeh.com/gopher-json",
  ]
  solver-name = "gps-cdcl"
  solver-version = 1
